
Microsoft Visual Studio Solution File, Format Version 12.00
# Visual Studio Version 17
VisualStudioVersion = 17.9.34728.123
MinimumVisualStudioVersion = 10.0.40219.1
Project("{FAE04EC0-301F-11D3-BF4B-00C04F79EFBC}") = "EDUCATIVE", "EDUCATIVE\EDUCATIVE.csproj", "{1440FD41-882C-418D-9FD1-293B775B7BB4}"
EndProject
Global
	GlobalSection(SolutionConfigurationPlatforms) = preSolution
		Debug|Any CPU = Debug|Any CPU
		Release|Any CPU = Release|Any CPU
	EndGlobalSection
	GlobalSection(ProjectConfigurationPlatforms) = postSolution
		{1440FD41-882C-418D-9FD1-293B775B7BB4}.Debug|Any CPU.ActiveCfg = Debug|Any CPU
		{1440FD41-882C-418D-9FD1-293B775B7BB4}.Debug|Any CPU.Build.0 = Debug|Any CPU
		{1440FD41-882C-418D-9FD1-293B775B7BB4}.Release|Any CPU.ActiveCfg = Release|Any CPU
		{1440FD41-882C-418D-9FD1-293B775B7BB4}.Release|Any CPU.Build.0 = Release|Any CPU
	EndGlobalSection
	GlobalSection(SolutionProperties) = preSolution
		HideSolutionNode = FALSE
	EndGlobalSection
	GlobalSection(ExtensibilityGlobals) = postSolution
		SolutionGuid = {B8FD2A43-54BA-4BA3-A38A-39CCAAE80DB4}
	EndGlobalSection
EndGlobal
