
Microsoft Visual Studio Solution File, Format Version 12.00
# Visual Studio Version 17
VisualStudioVersion = 17.9.34728.123
MinimumVisualStudioVersion = 10.0.40219.1
Project("{FAE04EC0-301F-11D3-BF4B-00C04F79EFBC}") = "authentication", "authentication\authentication.csproj", "{FED49B2D-0638-4754-8C99-5E6351ADB89A}"
EndProject
Global
	GlobalSection(SolutionConfigurationPlatforms) = preSolution
		Debug|Any CPU = Debug|Any CPU
		Release|Any CPU = Release|Any CPU
	EndGlobalSection
	GlobalSection(ProjectConfigurationPlatforms) = postSolution
		{FED49B2D-0638-4754-8C99-5E6351ADB89A}.Debug|Any CPU.ActiveCfg = Debug|Any CPU
		{FED49B2D-0638-4754-8C99-5E6351ADB89A}.Debug|Any CPU.Build.0 = Debug|Any CPU
		{FED49B2D-0638-4754-8C99-5E6351ADB89A}.Release|Any CPU.ActiveCfg = Release|Any CPU
		{FED49B2D-0638-4754-8C99-5E6351ADB89A}.Release|Any CPU.Build.0 = Release|Any CPU
	EndGlobalSection
	GlobalSection(SolutionProperties) = preSolution
		HideSolutionNode = FALSE
	EndGlobalSection
	GlobalSection(ExtensibilityGlobals) = postSolution
		SolutionGuid = {62776B1E-86FB-4B75-A215-E523D7B6CF22}
	EndGlobalSection
EndGlobal
